
Microsoft Visual Studio Solution File, Format Version 10.00
# Visual Studio 2008
Project("{8BC9CEB8-8B4A-11D0-8D11-00A0C91BC942}") = "Node", "Node.vcproj", "{FEBE19C5-BEED-4E1B-A087-30D3AD14B71A}"
EndProject
Global
	GlobalSection(SolutionConfigurationPlatforms) = preSolution
		Debug|Win32 = Debug|Win32
		Release|Win32 = Release|Win32
	EndGlobalSection
	GlobalSection(ProjectConfigurationPlatforms) = postSolution
		{FEBE19C5-BEED-4E1B-A087-30D3AD14B71A}.Debug|Win32.ActiveCfg = Debug|Win32
		{FEBE19C5-BEED-4E1B-A087-30D3AD14B71A}.Debug|Win32.Build.0 = Debug|Win32
		{FEBE19C5-BEED-4E1B-A087-30D3AD14B71A}.Release|Win32.ActiveCfg = Release|Win32
		{FEBE19C5-BEED-4E1B-A087-30D3AD14B71A}.Release|Win32.Build.0 = Release|Win32
	EndGlobalSection
	GlobalSection(SolutionProperties) = preSolution
		HideSolutionNode = FALSE
	EndGlobalSection
EndGlobal
